
Microsoft Visual Studio Solution File, Format Version 12.00
# Visual Studio Version 16
VisualStudioVersion = 16.0.31025.194
MinimumVisualStudioVersion = 10.0.40219.1
Project("{FAE04EC0-301F-11D3-BF4B-00C04F79EFBC}") = "NetworkTest", "NetworkTest\NetworkTest.csproj", "{274133D3-3D97-407B-AB47-34876E1A146B}"
EndProject
Global
	GlobalSection(SolutionConfigurationPlatforms) = preSolution
		Debug|Any CPU = Debug|Any CPU
		Release|Any CPU = Release|Any CPU
	EndGlobalSection
	GlobalSection(ProjectConfigurationPlatforms) = postSolution
		{274133D3-3D97-407B-AB47-34876E1A146B}.Debug|Any CPU.ActiveCfg = Debug|Any CPU
		{274133D3-3D97-407B-AB47-34876E1A146B}.Debug|Any CPU.Build.0 = Debug|Any CPU
		{274133D3-3D97-407B-AB47-34876E1A146B}.Debug|Any CPU.Deploy.0 = Debug|Any CPU
		{274133D3-3D97-407B-AB47-34876E1A146B}.Release|Any CPU.ActiveCfg = Release|Any CPU
		{274133D3-3D97-407B-AB47-34876E1A146B}.Release|Any CPU.Build.0 = Release|Any CPU
		{274133D3-3D97-407B-AB47-34876E1A146B}.Release|Any CPU.Deploy.0 = Release|Any CPU
	EndGlobalSection
	GlobalSection(SolutionProperties) = preSolution
		HideSolutionNode = FALSE
	EndGlobalSection
	GlobalSection(ExtensibilityGlobals) = postSolution
		SolutionGuid = {6FF55B4B-9881-4CD1-977A-A409BB63BB51}
	EndGlobalSection
EndGlobal
